
Microsoft Visual Studio Solution File, Format Version 12.00
# Visual Studio Version 17
VisualStudioVersion = 17.10.35013.160
MinimumVisualStudioVersion = 10.0.40219.1
Project("{FAE04EC0-301F-11D3-BF4B-00C04F79EFBC}") = "LoginScript", "LoginScript\LoginScript.csproj", "{35703EE3-E093-481B-AA38-BC4D97B39D8E}"
EndProject
Global
	GlobalSection(SolutionConfigurationPlatforms) = preSolution
		Debug|Any CPU = Debug|Any CPU
		Release|Any CPU = Release|Any CPU
	EndGlobalSection
	GlobalSection(ProjectConfigurationPlatforms) = postSolution
		{35703EE3-E093-481B-AA38-BC4D97B39D8E}.Debug|Any CPU.ActiveCfg = Debug|Any CPU
		{35703EE3-E093-481B-AA38-BC4D97B39D8E}.Debug|Any CPU.Build.0 = Debug|Any CPU
		{35703EE3-E093-481B-AA38-BC4D97B39D8E}.Release|Any CPU.ActiveCfg = Release|Any CPU
		{35703EE3-E093-481B-AA38-BC4D97B39D8E}.Release|Any CPU.Build.0 = Release|Any CPU
	EndGlobalSection
	GlobalSection(SolutionProperties) = preSolution
		HideSolutionNode = FALSE
	EndGlobalSection
	GlobalSection(ExtensibilityGlobals) = postSolution
		SolutionGuid = {A4B9FEA7-F1A7-40CC-903C-B1FFA2CD2793}
	EndGlobalSection
EndGlobal
